{
  "name": "env-topt-accounts",
  "version": "0.0.1",
  "lockfileVersion": 2,
  "requires": true,
  "packages": {
    "": {
      "name": "env-topt-accounts",
      "version": "0.0.1",
      "license": "MIT",
      "dependencies": {
        "dotenv": "^16.4.5",
        "otpauth": "^9.3.1"
      }
    },
    "node_modules/@noble/hashes": {
      "version": "1.4.0",
      "resolved": "https://registry.npmjs.org/@noble/hashes/-/hashes-1.4.0.tgz",
      "integrity": "sha512-V1JJ1WTRUqHHrOSh597hURcMqVKVGL/ea3kv0gSnEdsEZ0/+VyPghM1lMNGc00z7CIQorSvbKpuJkxvuHbvdbg==",
      "engines": {
        "node": ">= 16"
      },
      "funding": {
        "url": "https://paulmillr.com/funding/"
      }
    },
    "node_modules/dotenv": {
      "version": "16.4.5",
      "resolved": "https://registry.npmjs.org/dotenv/-/dotenv-16.4.5.tgz",
      "integrity": "sha512-ZmdL2rui+eB2YwhsWzjInR8LldtZHGDoQ1ugH85ppHKwpUHL7j7rN0Ti9NCnGiQbhaZ11FpR+7ao1dNsmduNUg==",
      "engines": {
        "node": ">=12"
      },
      "funding": {
        "url": "https://dotenvx.com"
      }
    },
    "node_modules/otpauth": {
      "version": "9.3.1",
      "resolved": "https://registry.npmjs.org/otpauth/-/otpauth-9.3.1.tgz",
      "integrity": "sha512-E6d2tMxPofHNk4sRFp+kqW7vQ+WJGO9VLI2N/W00DnI+ThskU12Qa10kyNSGklrzhN5c+wRUsN4GijVgCU2N9w==",
      "dependencies": {
        "@noble/hashes": "1.4.0"
      },
      "funding": {
        "url": "https://github.com/hectorm/otpauth?sponsor=1"
      }
    }
  },
  "dependencies": {
    "@noble/hashes": {
      "version": "1.4.0",
      "resolved": "https://registry.npmjs.org/@noble/hashes/-/hashes-1.4.0.tgz",
      "integrity": "sha512-V1JJ1WTRUqHHrOSh597hURcMqVKVGL/ea3kv0gSnEdsEZ0/+VyPghM1lMNGc00z7CIQorSvbKpuJkxvuHbvdbg=="
    },
    "dotenv": {
      "version": "16.4.5",
      "resolved": "https://registry.npmjs.org/dotenv/-/dotenv-16.4.5.tgz",
      "integrity": "sha512-ZmdL2rui+eB2YwhsWzjInR8LldtZHGDoQ1ugH85ppHKwpUHL7j7rN0Ti9NCnGiQbhaZ11FpR+7ao1dNsmduNUg=="
    },
    "otpauth": {
      "version": "9.3.1",
      "resolved": "https://registry.npmjs.org/otpauth/-/otpauth-9.3.1.tgz",
      "integrity": "sha512-E6d2tMxPofHNk4sRFp+kqW7vQ+WJGO9VLI2N/W00DnI+ThskU12Qa10kyNSGklrzhN5c+wRUsN4GijVgCU2N9w==",
      "requires": {
        "@noble/hashes": "1.4.0"
      }
    }
  }
}
